
Microsoft Visual Studio Solution File, Format Version 11.00
# Visual C# Express 2010
Project("{FAE04EC0-301F-11D3-BF4B-00C04F79EFBC}") = "QuadEvolve", "QuadEvolve\QuadEvolve\QuadEvolve.csproj", "{0774CA52-83D9-4E23-91AA-C41658BF721F}"
EndProject
Project("{96E2B04D-8817-42C6-938A-82C39BA4D311}") = "QuadEvolveContent", "QuadEvolve\QuadEvolveContent\QuadEvolveContent.contentproj", "{B450C6AF-AB4D-4DD4-935E-060D2755FEF9}"
EndProject
Global
	GlobalSection(SolutionConfigurationPlatforms) = preSolution
		Debug|x86 = Debug|x86
		Release|x86 = Release|x86
	EndGlobalSection
	GlobalSection(ProjectConfigurationPlatforms) = postSolution
		{0774CA52-83D9-4E23-91AA-C41658BF721F}.Debug|x86.ActiveCfg = Debug|x86
		{0774CA52-83D9-4E23-91AA-C41658BF721F}.Debug|x86.Build.0 = Debug|x86
		{0774CA52-83D9-4E23-91AA-C41658BF721F}.Release|x86.ActiveCfg = Release|x86
		{0774CA52-83D9-4E23-91AA-C41658BF721F}.Release|x86.Build.0 = Release|x86
		{B450C6AF-AB4D-4DD4-935E-060D2755FEF9}.Debug|x86.ActiveCfg = Debug|x86
		{B450C6AF-AB4D-4DD4-935E-060D2755FEF9}.Release|x86.ActiveCfg = Release|x86
	EndGlobalSection
	GlobalSection(SolutionProperties) = preSolution
		HideSolutionNode = FALSE
	EndGlobalSection
EndGlobal
